// !$*UTF8*$!
{
	archiveVersion = 1;
	classes = {
	};
	objectVersion = 51;
	objects = {

/* Begin PBXBuildFile section */
		B233A977248FE2A400EE5F77 /* AppDelegate.swift in Sources */ = {isa = PBXBuildFile; fileRef = B233A976248FE2A400EE5F77 /* AppDelegate.swift */; };
		B233A979248FE2A400EE5F77 /* SceneDelegate.swift in Sources */ = {isa = PBXBuildFile; fileRef = B233A978248FE2A400EE5F77 /* SceneDelegate.swift */; };
		B233A97B248FE2A400EE5F77 /* ViewController.swift in Sources */ = {isa = PBXBuildFile; fileRef = B233A97A248FE2A400EE5F77 /* ViewController.swift */; };
		B233A97E248FE2A400EE5F77 /* Main.storyboard in Resources */ = {isa = PBXBuildFile; fileRef = B233A97C248FE2A400EE5F77 /* Main.storyboard */; };
		B233A980248FE2A600EE5F77 /* Assets.xcassets in Resources */ = {isa = PBXBuildFile; fileRef = B233A97F248FE2A600EE5F77 /* Assets.xcassets */; };
		B233A983248FE2A600EE5F77 /* LaunchScreen.storyboard in Resources */ = {isa = PBXBuildFile; fileRef = B233A981248FE2A600EE5F77 /* LaunchScreen.storyboard */; };
		B233A9C82490836800EE5F77 /* Sqs.framework in Frameworks */ = {isa = PBXBuildFile; fileRef = B233A9C52490835D00EE5F77 /* Sqs.framework */; };
		B233A9CB2490837700EE5F77 /* wlog.framework in Frameworks */ = {isa = PBXBuildFile; fileRef = B233A9CA2490837700EE5F77 /* wlog.framework */; };
		EB3860F38A485380D6CC3395 /* TestWebQuery.swift in Sources */ = {isa = PBXBuildFile; fileRef = EB386BB69011F49C6987A8B7 /* TestWebQuery.swift */; };
		EB3868D74451DBE753C6D184 /* FBLPromises.framework in Frameworks */ = {isa = PBXBuildFile; fileRef = EB3868F8A994E9A969E889AB /* FBLPromises.framework */; };
		EB386B3169B0DE3EC86DF96C /* Promises.framework in Frameworks */ = {isa = PBXBuildFile; fileRef = EB386BA840E32ABF92B49CA3 /* Promises.framework */; };
/* End PBXBuildFile section */

/* Begin PBXContainerItemProxy section */
		B233A9C42490835D00EE5F77 /* PBXContainerItemProxy */ = {
			isa = PBXContainerItemProxy;
			containerPortal = B233A9BF2490835D00EE5F77 /* Sqs.xcodeproj */;
			proxyType = 2;
			remoteGlobalIDString = B233A941248FE1BF00EE5F77;
			remoteInfo = Sqs;
		};
		B233A9C62490835D00EE5F77 /* PBXContainerItemProxy */ = {
			isa = PBXContainerItemProxy;
			containerPortal = B233A9BF2490835D00EE5F77 /* Sqs.xcodeproj */;
			proxyType = 2;
			remoteGlobalIDString = B233A94A248FE1BF00EE5F77;
			remoteInfo = SqsTests;
		};
/* End PBXContainerItemProxy section */

/* Begin PBXFileReference section */
		B233A973248FE2A400EE5F77 /* SqsExample.app */ = {isa = PBXFileReference; explicitFileType = wrapper.application; includeInIndex = 0; path = SqsExample.app; sourceTree = BUILT_PRODUCTS_DIR; };
		B233A976248FE2A400EE5F77 /* AppDelegate.swift */ = {isa = PBXFileReference; lastKnownFileType = sourcecode.swift; path = AppDelegate.swift; sourceTree = "<group>"; };
		B233A978248FE2A400EE5F77 /* SceneDelegate.swift */ = {isa = PBXFileReference; lastKnownFileType = sourcecode.swift; path = SceneDelegate.swift; sourceTree = "<group>"; };
		B233A97A248FE2A400EE5F77 /* ViewController.swift */ = {isa = PBXFileReference; lastKnownFileType = sourcecode.swift; path = ViewController.swift; sourceTree = "<group>"; };
		B233A97D248FE2A400EE5F77 /* Base */ = {isa = PBXFileReference; lastKnownFileType = file.storyboard; name = Base; path = Base.lproj/Main.storyboard; sourceTree = "<group>"; };
		B233A97F248FE2A600EE5F77 /* Assets.xcassets */ = {isa = PBXFileReference; lastKnownFileType = folder.assetcatalog; path = Assets.xcassets; sourceTree = "<group>"; };
		B233A982248FE2A600EE5F77 /* Base */ = {isa = PBXFileReference; lastKnownFileType = file.storyboard; name = Base; path = Base.lproj/LaunchScreen.storyboard; sourceTree = "<group>"; };
		B233A984248FE2A600EE5F77 /* Info.plist */ = {isa = PBXFileReference; lastKnownFileType = text.plist.xml; path = Info.plist; sourceTree = "<group>"; };
		B233A9BA249004A700EE5F77 /* output.xcfilelist */ = {isa = PBXFileReference; lastKnownFileType = text.xcfilelist; path = output.xcfilelist; sourceTree = "<group>"; };
		B233A9BB249004A700EE5F77 /* input.xcfilelist */ = {isa = PBXFileReference; lastKnownFileType = text.xcfilelist; path = input.xcfilelist; sourceTree = "<group>"; };
		B233A9BE2490835500EE5F77 /* README.md */ = {isa = PBXFileReference; lastKnownFileType = net.daringfireball.markdown; name = README.md; path = ../README.md; sourceTree = "<group>"; };
		B233A9BF2490835D00EE5F77 /* Sqs.xcodeproj */ = {isa = PBXFileReference; lastKnownFileType = "wrapper.pb-project"; name = Sqs.xcodeproj; path = ../Sqs.xcodeproj; sourceTree = "<group>"; };
		B233A9CA2490837700EE5F77 /* wlog.framework */ = {isa = PBXFileReference; lastKnownFileType = wrapper.framework; name = wlog.framework; path = ../Carthage/Build/iOS/wlog.framework; sourceTree = "<group>"; };
		EB38671D279895FAC9927A1F /* Cartfile.resolved */ = {isa = PBXFileReference; lastKnownFileType = file.resolved; name = Cartfile.resolved; path = ../Cartfile.resolved; sourceTree = "<group>"; };
		EB3868F8A994E9A969E889AB /* FBLPromises.framework */ = {isa = PBXFileReference; lastKnownFileType = wrapper.framework; name = FBLPromises.framework; path = /Users/chchrn/Work/sqs/Carthage/Build/iOS/FBLPromises.framework; sourceTree = "<absolute>"; };
		EB386BA51AC8832ACEAB9516 /* Cartfile */ = {isa = PBXFileReference; fileEncoding = 4; lastKnownFileType = text; name = Cartfile; path = ../Cartfile; sourceTree = "<group>"; };
		EB386BA840E32ABF92B49CA3 /* Promises.framework */ = {isa = PBXFileReference; lastKnownFileType = wrapper.framework; name = Promises.framework; path = /Users/chchrn/Work/sqs/Carthage/Build/iOS/Promises.framework; sourceTree = "<absolute>"; };
		EB386BB69011F49C6987A8B7 /* TestWebQuery.swift */ = {isa = PBXFileReference; fileEncoding = 4; lastKnownFileType = sourcecode.swift; path = TestWebQuery.swift; sourceTree = "<group>"; };
/* End PBXFileReference section */

/* Begin PBXFrameworksBuildPhase section */
		B233A970248FE2A400EE5F77 /* Frameworks */ = {
			isa = PBXFrameworksBuildPhase;
			buildActionMask = 2147483647;
			files = (
				B233A9C82490836800EE5F77 /* Sqs.framework in Frameworks */,
				EB386B3169B0DE3EC86DF96C /* Promises.framework in Frameworks */,
				EB3868D74451DBE753C6D184 /* FBLPromises.framework in Frameworks */,
				B233A9CB2490837700EE5F77 /* wlog.framework in Frameworks */,
			);
			runOnlyForDeploymentPostprocessing = 0;
		};
/* End PBXFrameworksBuildPhase section */

/* Begin PBXGroup section */
		B233A96A248FE2A300EE5F77 = {
			isa = PBXGroup;
			children = (
				B233A9BE2490835500EE5F77 /* README.md */,
				B233A9BF2490835D00EE5F77 /* Sqs.xcodeproj */,
				B233A975248FE2A400EE5F77 /* SqsExample */,
				B233A974248FE2A400EE5F77 /* Products */,
				B233A99C248FE2D300EE5F77 /* Frameworks */,
				EB38671D279895FAC9927A1F /* Cartfile.resolved */,
				EB386BA51AC8832ACEAB9516 /* Cartfile */,
			);
			sourceTree = "<group>";
		};
		B233A974248FE2A400EE5F77 /* Products */ = {
			isa = PBXGroup;
			children = (
				B233A973248FE2A400EE5F77 /* SqsExample.app */,
			);
			name = Products;
			sourceTree = "<group>";
		};
		B233A975248FE2A400EE5F77 /* SqsExample */ = {
			isa = PBXGroup;
			children = (
				B233A9B9249004A700EE5F77 /* Frameworks */,
				B233A976248FE2A400EE5F77 /* AppDelegate.swift */,
				B233A978248FE2A400EE5F77 /* SceneDelegate.swift */,
				B233A97A248FE2A400EE5F77 /* ViewController.swift */,
				B233A97C248FE2A400EE5F77 /* Main.storyboard */,
				B233A97F248FE2A600EE5F77 /* Assets.xcassets */,
				B233A981248FE2A600EE5F77 /* LaunchScreen.storyboard */,
				B233A984248FE2A600EE5F77 /* Info.plist */,
				EB386BB69011F49C6987A8B7 /* TestWebQuery.swift */,
			);
			path = SqsExample;
			sourceTree = "<group>";
		};
		B233A99C248FE2D300EE5F77 /* Frameworks */ = {
			isa = PBXGroup;
			children = (
				B233A9CA2490837700EE5F77 /* wlog.framework */,
				EB386BA840E32ABF92B49CA3 /* Promises.framework */,
				EB3868F8A994E9A969E889AB /* FBLPromises.framework */,
			);
			name = Frameworks;
			sourceTree = "<group>";
		};
		B233A9B9249004A700EE5F77 /* Frameworks */ = {
			isa = PBXGroup;
			children = (
				B233A9BB249004A700EE5F77 /* input.xcfilelist */,
				B233A9BA249004A700EE5F77 /* output.xcfilelist */,
			);
			path = Frameworks;
			sourceTree = "<group>";
		};
		B233A9C02490835D00EE5F77 /* Products */ = {
			isa = PBXGroup;
			children = (
				B233A9C52490835D00EE5F77 /* Sqs.framework */,
				B233A9C72490835D00EE5F77 /* SqsTests.xctest */,
			);
			name = Products;
			sourceTree = "<group>";
		};
/* End PBXGroup section */

/* Begin PBXNativeTarget section */
		B233A972248FE2A400EE5F77 /* SqsExample */ = {
			isa = PBXNativeTarget;
			buildConfigurationList = B233A987248FE2A600EE5F77 /* Build configuration list for PBXNativeTarget "SqsExample" */;
			buildPhases = (
				B233A96F248FE2A400EE5F77 /* Sources */,
				B233A970248FE2A400EE5F77 /* Frameworks */,
				B233A971248FE2A400EE5F77 /* Resources */,
				B233A9B62490045E00EE5F77 /* ShellScript */,
			);
			buildRules = (
			);
			dependencies = (
			);
			name = SqsExample;
			productName = SqsExample;
			productReference = B233A973248FE2A400EE5F77 /* SqsExample.app */;
			productType = "com.apple.product-type.application";
		};
/* End PBXNativeTarget section */

/* Begin PBXProject section */
		B233A96B248FE2A300EE5F77 /* Project object */ = {
			isa = PBXProject;
			attributes = {
				LastSwiftUpdateCheck = 1130;
				LastUpgradeCheck = 1130;
				ORGANIZATIONNAME = chchrn;
				TargetAttributes = {
					B233A972248FE2A400EE5F77 = {
						CreatedOnToolsVersion = 11.3.1;
					};
				};
			};
			buildConfigurationList = B233A96E248FE2A300EE5F77 /* Build configuration list for PBXProject "SqsExample" */;
			compatibilityVersion = "Xcode 9.3";
			developmentRegion = en;
			hasScannedForEncodings = 0;
			knownRegions = (
				en,
				Base,
			);
			mainGroup = B233A96A248FE2A300EE5F77;
			productRefGroup = B233A974248FE2A400EE5F77 /* Products */;
			projectDirPath = "";
			projectReferences = (
				{
					ProductGroup = B233A9C02490835D00EE5F77 /* Products */;
					ProjectRef = B233A9BF2490835D00EE5F77 /* Sqs.xcodeproj */;
				},
			);
			projectRoot = "";
			targets = (
				B233A972248FE2A400EE5F77 /* SqsExample */,
			);
		};
/* End PBXProject section */

/* Begin PBXReferenceProxy section */
		B233A9C52490835D00EE5F77 /* Sqs.framework */ = {
			isa = PBXReferenceProxy;
			fileType = wrapper.framework;
			path = Sqs.framework;
			remoteRef = B233A9C42490835D00EE5F77 /* PBXContainerItemProxy */;
			sourceTree = BUILT_PRODUCTS_DIR;
		};
		B233A9C72490835D00EE5F77 /* SqsTests.xctest */ = {
			isa = PBXReferenceProxy;
			fileType = wrapper.cfbundle;
			path = SqsTests.xctest;
			remoteRef = B233A9C62490835D00EE5F77 /* PBXContainerItemProxy */;
			sourceTree = BUILT_PRODUCTS_DIR;
		};
/* End PBXReferenceProxy section */

/* Begin PBXResourcesBuildPhase section */
		B233A971248FE2A400EE5F77 /* Resources */ = {
			isa = PBXResourcesBuildPhase;
			buildActionMask = 2147483647;
			files = (
				B233A983248FE2A600EE5F77 /* LaunchScreen.storyboard in Resources */,
				B233A980248FE2A600EE5F77 /* Assets.xcassets in Resources */,
				B233A97E248FE2A400EE5F77 /* Main.storyboard in Resources */,
			);
			runOnlyForDeploymentPostprocessing = 0;
		};
/* End PBXResourcesBuildPhase section */

/* Begin PBXShellScriptBuildPhase section */
		B233A9B62490045E00EE5F77 /* ShellScript */ = {
			isa = PBXShellScriptBuildPhase;
			buildActionMask = 2147483647;
			files = (
			);
			inputFileListPaths = (
				"$(SRCROOT)/SqsExample/Frameworks/input.xcfilelist",
			);
			inputPaths = (
			);
			outputFileListPaths = (
				"$(SRCROOT)/SqsExample/Frameworks/output.xcfilelist",
			);
			outputPaths = (
			);
			runOnlyForDeploymentPostprocessing = 0;
			shellPath = /bin/sh;
			shellScript = "/usr/local/bin/carthage copy-frameworks\n";
		};
/* End PBXShellScriptBuildPhase section */

/* Begin PBXSourcesBuildPhase section */
		B233A96F248FE2A400EE5F77 /* Sources */ = {
			isa = PBXSourcesBuildPhase;
			buildActionMask = 2147483647;
			files = (
				B233A97B248FE2A400EE5F77 /* ViewController.swift in Sources */,
				B233A977248FE2A400EE5F77 /* AppDelegate.swift in Sources */,
				B233A979248FE2A400EE5F77 /* SceneDelegate.swift in Sources */,
				EB3860F38A485380D6CC3395 /* TestWebQuery.swift in Sources */,
			);
			runOnlyForDeploymentPostprocessing = 0;
		};
/* End PBXSourcesBuildPhase section */

/* Begin PBXVariantGroup section */
		B233A97C248FE2A400EE5F77 /* Main.storyboard */ = {
			isa = PBXVariantGroup;
			children = (
				B233A97D248FE2A400EE5F77 /* Base */,
			);
			name = Main.storyboard;
			sourceTree = "<group>";
		};
		B233A981248FE2A600EE5F77 /* LaunchScreen.storyboard */ = {
			isa = PBXVariantGroup;
			children = (
				B233A982248FE2A600EE5F77 /* Base */,
			);
			name = LaunchScreen.storyboard;
			sourceTree = "<group>";
		};
/* End PBXVariantGroup section */

/* Begin XCBuildConfiguration section */
		B233A985248FE2A600EE5F77 /* Debug */ = {
			isa = XCBuildConfiguration;
			buildSettings = {
				ALWAYS_SEARCH_USER_PATHS = NO;
				CLANG_ANALYZER_NONNULL = YES;
				CLANG_ANALYZER_NUMBER_OBJECT_CONVERSION = YES_AGGRESSIVE;
				CLANG_CXX_LANGUAGE_STANDARD = "gnu++14";
				CLANG_CXX_LIBRARY = "libc++";
				CLANG_ENABLE_MODULES = YES;
				CLANG_ENABLE_OBJC_ARC = YES;
				CLANG_ENABLE_OBJC_WEAK = YES;
				CLANG_WARN_BLOCK_CAPTURE_AUTORELEASING = YES;
				CLANG_WARN_BOOL_CONVERSION = YES;
				CLANG_WARN_COMMA = YES;
				CLANG_WARN_CONSTANT_CONVERSION = YES;
				CLANG_WARN_DEPRECATED_OBJC_IMPLEMENTATIONS = YES;
				CLANG_WARN_DIRECT_OBJC_ISA_USAGE = YES_ERROR;
				CLANG_WARN_DOCUMENTATION_COMMENTS = YES;
				CLANG_WARN_EMPTY_BODY = YES;
				CLANG_WARN_ENUM_CONVERSION = YES;
				CLANG_WARN_INFINITE_RECURSION = YES;
				CLANG_WARN_INT_CONVERSION = YES;
				CLANG_WARN_NON_LITERAL_NULL_CONVERSION = YES;
				CLANG_WARN_OBJC_IMPLICIT_RETAIN_SELF = YES;
				CLANG_WARN_OBJC_LITERAL_CONVERSION = YES;
				CLANG_WARN_OBJC_ROOT_CLASS = YES_ERROR;
				CLANG_WARN_RANGE_LOOP_ANALYSIS = YES;
				CLANG_WARN_STRICT_PROTOTYPES = YES;
				CLANG_WARN_SUSPICIOUS_MOVE = YES;
				CLANG_WARN_UNGUARDED_AVAILABILITY = YES_AGGRESSIVE;
				CLANG_WARN_UNREACHABLE_CODE = YES;
				CLANG_WARN__DUPLICATE_METHOD_MATCH = YES;
				COPY_PHASE_STRIP = NO;
				DEBUG_INFORMATION_FORMAT = dwarf;
				ENABLE_STRICT_OBJC_MSGSEND = YES;
				ENABLE_TESTABILITY = YES;
				GCC_C_LANGUAGE_STANDARD = gnu11;
				GCC_DYNAMIC_NO_PIC = NO;
				GCC_NO_COMMON_BLOCKS = YES;
				GCC_OPTIMIZATION_LEVEL = 0;
				GCC_PREPROCESSOR_DEFINITIONS = (
					"DEBUG=1",
					"$(inherited)",
				);
				GCC_WARN_64_TO_32_BIT_CONVERSION = YES;
				GCC_WARN_ABOUT_RETURN_TYPE = YES_ERROR;
				GCC_WARN_UNDECLARED_SELECTOR = YES;
				GCC_WARN_UNINITIALIZED_AUTOS = YES_AGGRESSIVE;
				GCC_WARN_UNUSED_FUNCTION = YES;
				GCC_WARN_UNUSED_VARIABLE = YES;
				IPHONEOS_DEPLOYMENT_TARGET = 13.2;
				MTL_ENABLE_DEBUG_INFO = INCLUDE_SOURCE;
				MTL_FAST_MATH = YES;
				ONLY_ACTIVE_ARCH = YES;
				SDKROOT = iphoneos;
				SWIFT_ACTIVE_COMPILATION_CONDITIONS = DEBUG;
				SWIFT_OPTIMIZATION_LEVEL = "-Onone";
			};
			name = Debug;
		};
		B233A986248FE2A600EE5F77 /* Release */ = {
			isa = XCBuildConfiguration;
			buildSettings = {
				ALWAYS_SEARCH_USER_PATHS = NO;
				CLANG_ANALYZER_NONNULL = YES;
				CLANG_ANALYZER_NUMBER_OBJECT_CONVERSION = YES_AGGRESSIVE;
				CLANG_CXX_LANGUAGE_STANDARD = "gnu++14";
				CLANG_CXX_LIBRARY = "libc++";
				CLANG_ENABLE_MODULES = YES;
				CLANG_ENABLE_OBJC_ARC = YES;
				CLANG_ENABLE_OBJC_WEAK = YES;
				CLANG_WARN_BLOCK_CAPTURE_AUTORELEASING = YES;
				CLANG_WARN_BOOL_CONVERSION = YES;
				CLANG_WARN_COMMA = YES;
				CLANG_WARN_CONSTANT_CONVERSION = YES;
				CLANG_WARN_DEPRECATED_OBJC_IMPLEMENTATIONS = YES;
				CLANG_WARN_DIRECT_OBJC_ISA_USAGE = YES_ERROR;
				CLANG_WARN_DOCUMENTATION_COMMENTS = YES;
				CLANG_WARN_EMPTY_BODY = YES;
				CLANG_WARN_ENUM_CONVERSION = YES;
				CLANG_WARN_INFINITE_RECURSION = YES;
				CLANG_WARN_INT_CONVERSION = YES;
				CLANG_WARN_NON_LITERAL_NULL_CONVERSION = YES;
				CLANG_WARN_OBJC_IMPLICIT_RETAIN_SELF = YES;
				CLANG_WARN_OBJC_LITERAL_CONVERSION = YES;
				CLANG_WARN_OBJC_ROOT_CLASS = YES_ERROR;
				CLANG_WARN_RANGE_LOOP_ANALYSIS = YES;
				CLANG_WARN_STRICT_PROTOTYPES = YES;
				CLANG_WARN_SUSPICIOUS_MOVE = YES;
				CLANG_WARN_UNGUARDED_AVAILABILITY = YES_AGGRESSIVE;
				CLANG_WARN_UNREACHABLE_CODE = YES;
				CLANG_WARN__DUPLICATE_METHOD_MATCH = YES;
				COPY_PHASE_STRIP = NO;
				DEBUG_INFORMATION_FORMAT = "dwarf-with-dsym";
				ENABLE_NS_ASSERTIONS = NO;
				ENABLE_STRICT_OBJC_MSGSEND = YES;
				GCC_C_LANGUAGE_STANDARD = gnu11;
				GCC_NO_COMMON_BLOCKS = YES;
				GCC_WARN_64_TO_32_BIT_CONVERSION = YES;
				GCC_WARN_ABOUT_RETURN_TYPE = YES_ERROR;
				GCC_WARN_UNDECLARED_SELECTOR = YES;
				GCC_WARN_UNINITIALIZED_AUTOS = YES_AGGRESSIVE;
				GCC_WARN_UNUSED_FUNCTION = YES;
				GCC_WARN_UNUSED_VARIABLE = YES;
				IPHONEOS_DEPLOYMENT_TARGET = 13.2;
				MTL_ENABLE_DEBUG_INFO = NO;
				MTL_FAST_MATH = YES;
				SDKROOT = iphoneos;
				SWIFT_COMPILATION_MODE = wholemodule;
				SWIFT_OPTIMIZATION_LEVEL = "-O";
				VALIDATE_PRODUCT = YES;
			};
			name = Release;
		};
		B233A988248FE2A600EE5F77 /* Debug */ = {
			isa = XCBuildConfiguration;
			buildSettings = {
				ASSETCATALOG_COMPILER_APPICON_NAME = AppIcon;
				CODE_SIGN_STYLE = Automatic;
				DEVELOPMENT_TEAM = 7HW3W3W6KB;
				FRAMEWORK_SEARCH_PATHS = "\"${PROJECT_DIR}/../Carthage/Build/iOS\"/**";
				INFOPLIST_FILE = SqsExample/Info.plist;
				LD_RUNPATH_SEARCH_PATHS = (
					"$(inherited)",
					"@executable_path/Frameworks",
				);
				PRODUCT_BUNDLE_IDENTIFIER = co.chchrn.SqsExample;
				PRODUCT_NAME = "$(TARGET_NAME)";
				SWIFT_VERSION = 5.0;
				TARGETED_DEVICE_FAMILY = "1,2";
			};
			name = Debug;
		};
		B233A989248FE2A600EE5F77 /* Release */ = {
			isa = XCBuildConfiguration;
			buildSettings = {
				ASSETCATALOG_COMPILER_APPICON_NAME = AppIcon;
				CODE_SIGN_STYLE = Automatic;
				DEVELOPMENT_TEAM = 7HW3W3W6KB;
				FRAMEWORK_SEARCH_PATHS = "\"${PROJECT_DIR}/../Carthage/Build/iOS\"/**";
				INFOPLIST_FILE = SqsExample/Info.plist;
				LD_RUNPATH_SEARCH_PATHS = (
					"$(inherited)",
					"@executable_path/Frameworks",
				);
				PRODUCT_BUNDLE_IDENTIFIER = co.chchrn.SqsExample;
				PRODUCT_NAME = "$(TARGET_NAME)";
				SWIFT_VERSION = 5.0;
				TARGETED_DEVICE_FAMILY = "1,2";
			};
			name = Release;
		};
/* End XCBuildConfiguration section */

/* Begin XCConfigurationList section */
		B233A96E248FE2A300EE5F77 /* Build configuration list for PBXProject "SqsExample" */ = {
			isa = XCConfigurationList;
			buildConfigurations = (
				B233A985248FE2A600EE5F77 /* Debug */,
				B233A986248FE2A600EE5F77 /* Release */,
			);
			defaultConfigurationIsVisible = 0;
			defaultConfigurationName = Release;
		};
		B233A987248FE2A600EE5F77 /* Build configuration list for PBXNativeTarget "SqsExample" */ = {
			isa = XCConfigurationList;
			buildConfigurations = (
				B233A988248FE2A600EE5F77 /* Debug */,
				B233A989248FE2A600EE5F77 /* Release */,
			);
			defaultConfigurationIsVisible = 0;
			defaultConfigurationName = Release;
		};
/* End XCConfigurationList section */
	};
	rootObject = B233A96B248FE2A300EE5F77 /* Project object */;
}
